
Microsoft Visual Studio Solution File, Format Version 12.00
# Visual Studio Version 17
VisualStudioVersion = 17.4.33110.190
MinimumVisualStudioVersion = 10.0.40219.1
Project("{2150E333-8FDC-42A3-9474-1A3956D46DE8}") = "Api", "Api", "{B44869D2-8B64-4D70-B710-330181D7FCBC}"
EndProject
Project("{2150E333-8FDC-42A3-9474-1A3956D46DE8}") = "Core", "Core", "{28485984-B9B9-4ED3-923D-FF8374588DFB}"
EndProject
Project("{9A19103F-16F7-4668-BE54-9A1E7A4F7556}") = "Domain", "Domain\Domain.csproj", "{89DA296F-54FC-48B8-8F17-4CA8433F89A9}"
EndProject
Project("{9A19103F-16F7-4668-BE54-9A1E7A4F7556}") = "Infrastructure", "Infrastructure\Infrastructure.csproj", "{2661C7E6-B277-4A9C-9170-79B8A356D2CA}"
EndProject
Project("{9A19103F-16F7-4668-BE54-9A1E7A4F7556}") = "Application", "Application\Application.csproj", "{1737071A-1571-4717-8547-D2F019F83D3B}"
EndProject
Project("{9A19103F-16F7-4668-BE54-9A1E7A4F7556}") = "Contracts", "Contracts\Contracts.csproj", "{3C35ACE4-A169-43B4-AFDD-89081D34F0E3}"
EndProject
Project("{9A19103F-16F7-4668-BE54-9A1E7A4F7556}") = "Api", "Api\Api.csproj", "{FF998BBB-2482-4EC2-B0D8-CC6EA0BEEAB2}"
EndProject
Project("{FAE04EC0-301F-11D3-BF4B-00C04F79EFBC}") = "Persistence", "Persistence\Persistence.csproj", "{2644569E-E3AB-4146-B155-FA8EAE44DF79}"
EndProject
Project("{2150E333-8FDC-42A3-9474-1A3956D46DE8}") = "Notifications", "Notifications", "{D6CBDF88-F595-45C2-A550-DF74F9A30FFB}"
EndProject
Project("{FAE04EC0-301F-11D3-BF4B-00C04F79EFBC}") = "Notifications", "Notifications\Notifications.csproj", "{4ADB8224-5D4F-4975-96E7-1A3CB13C89CA}"
EndProject
Project("{FAE04EC0-301F-11D3-BF4B-00C04F79EFBC}") = "BackgroundTasks", "BackgroundTasks\BackgroundTasks.csproj", "{0AEC5BB7-3AB3-4840-8563-599A477C569B}"
EndProject
Global
	GlobalSection(SolutionConfigurationPlatforms) = preSolution
		Debug|Any CPU = Debug|Any CPU
		Release|Any CPU = Release|Any CPU
	EndGlobalSection
	GlobalSection(ProjectConfigurationPlatforms) = postSolution
		{89DA296F-54FC-48B8-8F17-4CA8433F89A9}.Debug|Any CPU.ActiveCfg = Debug|Any CPU
		{89DA296F-54FC-48B8-8F17-4CA8433F89A9}.Debug|Any CPU.Build.0 = Debug|Any CPU
		{89DA296F-54FC-48B8-8F17-4CA8433F89A9}.Release|Any CPU.ActiveCfg = Release|Any CPU
		{89DA296F-54FC-48B8-8F17-4CA8433F89A9}.Release|Any CPU.Build.0 = Release|Any CPU
		{2661C7E6-B277-4A9C-9170-79B8A356D2CA}.Debug|Any CPU.ActiveCfg = Debug|Any CPU
		{2661C7E6-B277-4A9C-9170-79B8A356D2CA}.Debug|Any CPU.Build.0 = Debug|Any CPU
		{2661C7E6-B277-4A9C-9170-79B8A356D2CA}.Release|Any CPU.ActiveCfg = Release|Any CPU
		{2661C7E6-B277-4A9C-9170-79B8A356D2CA}.Release|Any CPU.Build.0 = Release|Any CPU
		{1737071A-1571-4717-8547-D2F019F83D3B}.Debug|Any CPU.ActiveCfg = Debug|Any CPU
		{1737071A-1571-4717-8547-D2F019F83D3B}.Debug|Any CPU.Build.0 = Debug|Any CPU
		{1737071A-1571-4717-8547-D2F019F83D3B}.Release|Any CPU.ActiveCfg = Release|Any CPU
		{1737071A-1571-4717-8547-D2F019F83D3B}.Release|Any CPU.Build.0 = Release|Any CPU
		{3C35ACE4-A169-43B4-AFDD-89081D34F0E3}.Debug|Any CPU.ActiveCfg = Debug|Any CPU
		{3C35ACE4-A169-43B4-AFDD-89081D34F0E3}.Debug|Any CPU.Build.0 = Debug|Any CPU
		{3C35ACE4-A169-43B4-AFDD-89081D34F0E3}.Release|Any CPU.ActiveCfg = Release|Any CPU
		{3C35ACE4-A169-43B4-AFDD-89081D34F0E3}.Release|Any CPU.Build.0 = Release|Any CPU
		{FF998BBB-2482-4EC2-B0D8-CC6EA0BEEAB2}.Debug|Any CPU.ActiveCfg = Debug|Any CPU
		{FF998BBB-2482-4EC2-B0D8-CC6EA0BEEAB2}.Debug|Any CPU.Build.0 = Debug|Any CPU
		{FF998BBB-2482-4EC2-B0D8-CC6EA0BEEAB2}.Release|Any CPU.ActiveCfg = Release|Any CPU
		{FF998BBB-2482-4EC2-B0D8-CC6EA0BEEAB2}.Release|Any CPU.Build.0 = Release|Any CPU
		{2644569E-E3AB-4146-B155-FA8EAE44DF79}.Debug|Any CPU.ActiveCfg = Debug|Any CPU
		{2644569E-E3AB-4146-B155-FA8EAE44DF79}.Debug|Any CPU.Build.0 = Debug|Any CPU
		{2644569E-E3AB-4146-B155-FA8EAE44DF79}.Release|Any CPU.ActiveCfg = Release|Any CPU
		{2644569E-E3AB-4146-B155-FA8EAE44DF79}.Release|Any CPU.Build.0 = Release|Any CPU
		{4ADB8224-5D4F-4975-96E7-1A3CB13C89CA}.Debug|Any CPU.ActiveCfg = Debug|Any CPU
		{4ADB8224-5D4F-4975-96E7-1A3CB13C89CA}.Debug|Any CPU.Build.0 = Debug|Any CPU
		{4ADB8224-5D4F-4975-96E7-1A3CB13C89CA}.Release|Any CPU.ActiveCfg = Release|Any CPU
		{4ADB8224-5D4F-4975-96E7-1A3CB13C89CA}.Release|Any CPU.Build.0 = Release|Any CPU
		{0AEC5BB7-3AB3-4840-8563-599A477C569B}.Debug|Any CPU.ActiveCfg = Debug|Any CPU
		{0AEC5BB7-3AB3-4840-8563-599A477C569B}.Debug|Any CPU.Build.0 = Debug|Any CPU
		{0AEC5BB7-3AB3-4840-8563-599A477C569B}.Release|Any CPU.ActiveCfg = Release|Any CPU
		{0AEC5BB7-3AB3-4840-8563-599A477C569B}.Release|Any CPU.Build.0 = Release|Any CPU
	EndGlobalSection
	GlobalSection(SolutionProperties) = preSolution
		HideSolutionNode = FALSE
	EndGlobalSection
	GlobalSection(NestedProjects) = preSolution
		{28485984-B9B9-4ED3-923D-FF8374588DFB} = {B44869D2-8B64-4D70-B710-330181D7FCBC}
		{89DA296F-54FC-48B8-8F17-4CA8433F89A9} = {28485984-B9B9-4ED3-923D-FF8374588DFB}
		{2661C7E6-B277-4A9C-9170-79B8A356D2CA} = {28485984-B9B9-4ED3-923D-FF8374588DFB}
		{1737071A-1571-4717-8547-D2F019F83D3B} = {28485984-B9B9-4ED3-923D-FF8374588DFB}
		{3C35ACE4-A169-43B4-AFDD-89081D34F0E3} = {28485984-B9B9-4ED3-923D-FF8374588DFB}
		{FF998BBB-2482-4EC2-B0D8-CC6EA0BEEAB2} = {B44869D2-8B64-4D70-B710-330181D7FCBC}
		{2644569E-E3AB-4146-B155-FA8EAE44DF79} = {28485984-B9B9-4ED3-923D-FF8374588DFB}
		{4ADB8224-5D4F-4975-96E7-1A3CB13C89CA} = {D6CBDF88-F595-45C2-A550-DF74F9A30FFB}
		{0AEC5BB7-3AB3-4840-8563-599A477C569B} = {D6CBDF88-F595-45C2-A550-DF74F9A30FFB}
	EndGlobalSection
	GlobalSection(ExtensibilityGlobals) = postSolution
		SolutionGuid = {46F9D0DE-B839-4F54-B066-300F8BDCC451}
	EndGlobalSection
EndGlobal
